
Microsoft Visual Studio Solution File, Format Version 12.00
# Visual Studio Version 17
VisualStudioVersion = 17.7.34018.315
MinimumVisualStudioVersion = 10.0.40219.1
Project("{FAE04EC0-301F-11D3-BF4B-00C04F79EFBC}") = "ACT2POO2_AjdiniSefedin", "ACT2POO2_AjdiniSefedin\ACT2POO2_AjdiniSefedin.csproj", "{FFAFC621-0172-457D-ABAD-E6520FF2C377}"
EndProject
Global
	GlobalSection(SolutionConfigurationPlatforms) = preSolution
		Debug|Any CPU = Debug|Any CPU
		Release|Any CPU = Release|Any CPU
	EndGlobalSection
	GlobalSection(ProjectConfigurationPlatforms) = postSolution
		{FFAFC621-0172-457D-ABAD-E6520FF2C377}.Debug|Any CPU.ActiveCfg = Debug|Any CPU
		{FFAFC621-0172-457D-ABAD-E6520FF2C377}.Debug|Any CPU.Build.0 = Debug|Any CPU
		{FFAFC621-0172-457D-ABAD-E6520FF2C377}.Release|Any CPU.ActiveCfg = Release|Any CPU
		{FFAFC621-0172-457D-ABAD-E6520FF2C377}.Release|Any CPU.Build.0 = Release|Any CPU
	EndGlobalSection
	GlobalSection(SolutionProperties) = preSolution
		HideSolutionNode = FALSE
	EndGlobalSection
	GlobalSection(ExtensibilityGlobals) = postSolution
		SolutionGuid = {84782D36-96F1-43FD-85A6-DB9F62B6D366}
	EndGlobalSection
EndGlobal
