
Microsoft Visual Studio Solution File, Format Version 12.00
# Visual Studio Version 17
VisualStudioVersion = 17.7.34018.315
MinimumVisualStudioVersion = 10.0.40219.1
Project("{FAE04EC0-301F-11D3-BF4B-00C04F79EFBC}") = "ACT2POO3_AjdiniSefedin", "ACT2POO3_AjdiniSefedin\ACT2POO3_AjdiniSefedin.csproj", "{AB1255FC-783D-4CF4-B747-B396B44CD794}"
EndProject
Global
	GlobalSection(SolutionConfigurationPlatforms) = preSolution
		Debug|Any CPU = Debug|Any CPU
		Release|Any CPU = Release|Any CPU
	EndGlobalSection
	GlobalSection(ProjectConfigurationPlatforms) = postSolution
		{AB1255FC-783D-4CF4-B747-B396B44CD794}.Debug|Any CPU.ActiveCfg = Debug|Any CPU
		{AB1255FC-783D-4CF4-B747-B396B44CD794}.Debug|Any CPU.Build.0 = Debug|Any CPU
		{AB1255FC-783D-4CF4-B747-B396B44CD794}.Release|Any CPU.ActiveCfg = Release|Any CPU
		{AB1255FC-783D-4CF4-B747-B396B44CD794}.Release|Any CPU.Build.0 = Release|Any CPU
	EndGlobalSection
	GlobalSection(SolutionProperties) = preSolution
		HideSolutionNode = FALSE
	EndGlobalSection
	GlobalSection(ExtensibilityGlobals) = postSolution
		SolutionGuid = {0E2F6EC6-4523-42F9-A32F-EFCD5CD3F8ED}
	EndGlobalSection
EndGlobal
